{
  "name": "bombWebsite",
  "version": "1.0.0",
  "lockfileVersion": 1,
  "requires": true,
  "dependencies": {
    "@fortawesome/fontawesome-free": {
      "version": "5.13.1",
      "resolved": "https://registry.npmjs.org/@fortawesome/fontawesome-free/-/fontawesome-free-5.13.1.tgz",
      "integrity": "sha512-D819f34FLHeBN/4xvw0HR0u7U2G7RqjPSggXqf7LktsxWQ48VAfGwvMrhcVuaZV2fF069c/619RdgCCms0DHhw=="
    },
    "@popperjs/core": {
      "version": "2.4.3",
      "resolved": "https://registry.npmjs.org/@popperjs/core/-/core-2.4.3.tgz",
      "integrity": "sha512-r0jArf9l4hXBJVgWlFiDj3rC+51G9d+AfycAp2YacHeKZnslGQblxGdRpbprZ2snXzYVjrSu0Tt0TZFQAILipg=="
    },
    "bootstrap": {
      "version": "5.0.0-alpha1",
      "resolved": "https://registry.npmjs.org/bootstrap/-/bootstrap-5.0.0-alpha1.tgz",
      "integrity": "sha512-iwKneP2pLXl8lN0YpnOuOARiNPTzmh/4cw+Un86u4OqrMLuQpyMC7nO07hvivvcg0B/ektJPjuPnS1s+YmRK9A=="
    },
    "bootstrap-icons": {
      "version": "1.0.0-alpha5",
      "resolved": "https://registry.npmjs.org/bootstrap-icons/-/bootstrap-icons-1.0.0-alpha5.tgz",
      "integrity": "sha512-sQp4UESHOpN7UlkEUJmY4G8gmU4beTCv24azmOtN1vMSWTOuUZttB0269RD93JIjd4KmWb93MJaXjC6cAV5jiQ=="
    }
  }
}
